// !$*UTF8*$!
{
	archiveVersion = 1;
	classes = {
	};
	objectVersion = 50;
	objects = {

/* Begin PBXBuildFile section */
		CE30120623B8A42B0067EE9B /* AppDelegate.m in Sources */ = {isa = PBXBuildFile; fileRef = CE30120523B8A42B0067EE9B /* AppDelegate.m */; };
		CE30120823B8A42D0067EE9B /* Assets.xcassets in Resources */ = {isa = PBXBuildFile; fileRef = CE30120723B8A42D0067EE9B /* Assets.xcassets */; };
		CE30120E23B8A42D0067EE9B /* main.m in Sources */ = {isa = PBXBuildFile; fileRef = CE30120D23B8A42D0067EE9B /* main.m */; };
		CE30121623B8A5130067EE9B /* ViewController.m in Sources */ = {isa = PBXBuildFile; fileRef = CE30121523B8A5130067EE9B /* ViewController.m */; };
		CE30121A23B8A5D30067EE9B /* CodingHelper.m in Sources */ = {isa = PBXBuildFile; fileRef = CE30121923B8A5D30067EE9B /* CodingHelper.m */; };
		CEA443A723C4EE370003358E /* UIView+WBExtension.m in Sources */ = {isa = PBXBuildFile; fileRef = CEA443A223C4EE370003358E /* UIView+WBExtension.m */; };
		CEA443A823C4EE370003358E /* NextViewController.m in Sources */ = {isa = PBXBuildFile; fileRef = CEA443A423C4EE370003358E /* NextViewController.m */; };
/* End PBXBuildFile section */

/* Begin PBXFileReference section */
		CE30120123B8A42B0067EE9B /* CodingHelper.app */ = {isa = PBXFileReference; explicitFileType = wrapper.application; includeInIndex = 0; path = CodingHelper.app; sourceTree = BUILT_PRODUCTS_DIR; };
		CE30120423B8A42B0067EE9B /* AppDelegate.h */ = {isa = PBXFileReference; lastKnownFileType = sourcecode.c.h; path = AppDelegate.h; sourceTree = "<group>"; };
		CE30120523B8A42B0067EE9B /* AppDelegate.m */ = {isa = PBXFileReference; lastKnownFileType = sourcecode.c.objc; path = AppDelegate.m; sourceTree = "<group>"; };
		CE30120723B8A42D0067EE9B /* Assets.xcassets */ = {isa = PBXFileReference; lastKnownFileType = folder.assetcatalog; path = Assets.xcassets; sourceTree = "<group>"; };
		CE30120C23B8A42D0067EE9B /* Info.plist */ = {isa = PBXFileReference; lastKnownFileType = text.plist.xml; path = Info.plist; sourceTree = "<group>"; };
		CE30120D23B8A42D0067EE9B /* main.m */ = {isa = PBXFileReference; lastKnownFileType = sourcecode.c.objc; path = main.m; sourceTree = "<group>"; };
		CE30121423B8A5130067EE9B /* ViewController.h */ = {isa = PBXFileReference; lastKnownFileType = sourcecode.c.h; path = ViewController.h; sourceTree = "<group>"; };
		CE30121523B8A5130067EE9B /* ViewController.m */ = {isa = PBXFileReference; lastKnownFileType = sourcecode.c.objc; path = ViewController.m; sourceTree = "<group>"; };
		CE30121823B8A5D30067EE9B /* CodingHelper.h */ = {isa = PBXFileReference; fileEncoding = 4; lastKnownFileType = sourcecode.c.h; path = CodingHelper.h; sourceTree = "<group>"; };
		CE30121923B8A5D30067EE9B /* CodingHelper.m */ = {isa = PBXFileReference; fileEncoding = 4; lastKnownFileType = sourcecode.c.objc; path = CodingHelper.m; sourceTree = "<group>"; };
		CEA443A123C4ED530003358E /* PrefixHeader.pch */ = {isa = PBXFileReference; lastKnownFileType = sourcecode.c.h; path = PrefixHeader.pch; sourceTree = "<group>"; };
		CEA443A223C4EE370003358E /* UIView+WBExtension.m */ = {isa = PBXFileReference; fileEncoding = 4; lastKnownFileType = sourcecode.c.objc; path = "UIView+WBExtension.m"; sourceTree = "<group>"; };
		CEA443A323C4EE370003358E /* XWB_Macro.h */ = {isa = PBXFileReference; fileEncoding = 4; lastKnownFileType = sourcecode.c.h; path = XWB_Macro.h; sourceTree = "<group>"; };
		CEA443A423C4EE370003358E /* NextViewController.m */ = {isa = PBXFileReference; fileEncoding = 4; lastKnownFileType = sourcecode.c.objc; path = NextViewController.m; sourceTree = "<group>"; };
		CEA443A523C4EE370003358E /* UIView+WBExtension.h */ = {isa = PBXFileReference; fileEncoding = 4; lastKnownFileType = sourcecode.c.h; path = "UIView+WBExtension.h"; sourceTree = "<group>"; };
		CEA443A623C4EE370003358E /* NextViewController.h */ = {isa = PBXFileReference; fileEncoding = 4; lastKnownFileType = sourcecode.c.h; path = NextViewController.h; sourceTree = "<group>"; };
/* End PBXFileReference section */

/* Begin PBXFrameworksBuildPhase section */
		CE3011FE23B8A42B0067EE9B /* Frameworks */ = {
			isa = PBXFrameworksBuildPhase;
			buildActionMask = 2147483647;
			files = (
			);
			runOnlyForDeploymentPostprocessing = 0;
		};
/* End PBXFrameworksBuildPhase section */

/* Begin PBXGroup section */
		CE3011F823B8A42B0067EE9B = {
			isa = PBXGroup;
			children = (
				CE30120323B8A42B0067EE9B /* CodingHelper */,
				CE30120223B8A42B0067EE9B /* Products */,
			);
			sourceTree = "<group>";
		};
		CE30120223B8A42B0067EE9B /* Products */ = {
			isa = PBXGroup;
			children = (
				CE30120123B8A42B0067EE9B /* CodingHelper.app */,
			);
			name = Products;
			sourceTree = "<group>";
		};
		CE30120323B8A42B0067EE9B /* CodingHelper */ = {
			isa = PBXGroup;
			children = (
				CE30121723B8A5940067EE9B /* Helper */,
				CE30120423B8A42B0067EE9B /* AppDelegate.h */,
				CE30120523B8A42B0067EE9B /* AppDelegate.m */,
				CE30121423B8A5130067EE9B /* ViewController.h */,
				CE30121523B8A5130067EE9B /* ViewController.m */,
				CEA443A623C4EE370003358E /* NextViewController.h */,
				CEA443A423C4EE370003358E /* NextViewController.m */,
				CEA443A523C4EE370003358E /* UIView+WBExtension.h */,
				CEA443A223C4EE370003358E /* UIView+WBExtension.m */,
				CEA443A323C4EE370003358E /* XWB_Macro.h */,
				CEA443A123C4ED530003358E /* PrefixHeader.pch */,
				CE30120723B8A42D0067EE9B /* Assets.xcassets */,
				CE30120C23B8A42D0067EE9B /* Info.plist */,
				CE30120D23B8A42D0067EE9B /* main.m */,
			);
			path = CodingHelper;
			sourceTree = "<group>";
		};
		CE30121723B8A5940067EE9B /* Helper */ = {
			isa = PBXGroup;
			children = (
				CE30121823B8A5D30067EE9B /* CodingHelper.h */,
				CE30121923B8A5D30067EE9B /* CodingHelper.m */,
			);
			path = Helper;
			sourceTree = "<group>";
		};
/* End PBXGroup section */

/* Begin PBXNativeTarget section */
		CE30120023B8A42B0067EE9B /* CodingHelper */ = {
			isa = PBXNativeTarget;
			buildConfigurationList = CE30121123B8A42D0067EE9B /* Build configuration list for PBXNativeTarget "CodingHelper" */;
			buildPhases = (
				CE3011FD23B8A42B0067EE9B /* Sources */,
				CE3011FE23B8A42B0067EE9B /* Frameworks */,
				CE3011FF23B8A42B0067EE9B /* Resources */,
			);
			buildRules = (
			);
			dependencies = (
			);
			name = CodingHelper;
			productName = CodingHelper;
			productReference = CE30120123B8A42B0067EE9B /* CodingHelper.app */;
			productType = "com.apple.product-type.application";
		};
/* End PBXNativeTarget section */

/* Begin PBXProject section */
		CE3011F923B8A42B0067EE9B /* Project object */ = {
			isa = PBXProject;
			attributes = {
				LastUpgradeCheck = 1130;
				ORGANIZATIONNAME = "徐伟博";
				TargetAttributes = {
					CE30120023B8A42B0067EE9B = {
						CreatedOnToolsVersion = 11.3;
					};
				};
			};
			buildConfigurationList = CE3011FC23B8A42B0067EE9B /* Build configuration list for PBXProject "CodingHelper" */;
			compatibilityVersion = "Xcode 9.3";
			developmentRegion = en;
			hasScannedForEncodings = 0;
			knownRegions = (
				en,
				Base,
			);
			mainGroup = CE3011F823B8A42B0067EE9B;
			productRefGroup = CE30120223B8A42B0067EE9B /* Products */;
			projectDirPath = "";
			projectRoot = "";
			targets = (
				CE30120023B8A42B0067EE9B /* CodingHelper */,
			);
		};
/* End PBXProject section */

/* Begin PBXResourcesBuildPhase section */
		CE3011FF23B8A42B0067EE9B /* Resources */ = {
			isa = PBXResourcesBuildPhase;
			buildActionMask = 2147483647;
			files = (
				CE30120823B8A42D0067EE9B /* Assets.xcassets in Resources */,
			);
			runOnlyForDeploymentPostprocessing = 0;
		};
/* End PBXResourcesBuildPhase section */

/* Begin PBXSourcesBuildPhase section */
		CE3011FD23B8A42B0067EE9B /* Sources */ = {
			isa = PBXSourcesBuildPhase;
			buildActionMask = 2147483647;
			files = (
				CEA443A723C4EE370003358E /* UIView+WBExtension.m in Sources */,
				CEA443A823C4EE370003358E /* NextViewController.m in Sources */,
				CE30121623B8A5130067EE9B /* ViewController.m in Sources */,
				CE30121A23B8A5D30067EE9B /* CodingHelper.m in Sources */,
				CE30120E23B8A42D0067EE9B /* main.m in Sources */,
				CE30120623B8A42B0067EE9B /* AppDelegate.m in Sources */,
			);
			runOnlyForDeploymentPostprocessing = 0;
		};
/* End PBXSourcesBuildPhase section */

/* Begin XCBuildConfiguration section */
		CE30120F23B8A42D0067EE9B /* Debug */ = {
			isa = XCBuildConfiguration;
			buildSettings = {
				ALWAYS_SEARCH_USER_PATHS = NO;
				CLANG_ANALYZER_NONNULL = YES;
				CLANG_ANALYZER_NUMBER_OBJECT_CONVERSION = YES_AGGRESSIVE;
				CLANG_CXX_LANGUAGE_STANDARD = "gnu++14";
				CLANG_CXX_LIBRARY = "libc++";
				CLANG_ENABLE_MODULES = YES;
				CLANG_ENABLE_OBJC_ARC = YES;
				CLANG_ENABLE_OBJC_WEAK = YES;
				CLANG_WARN_BLOCK_CAPTURE_AUTORELEASING = YES;
				CLANG_WARN_BOOL_CONVERSION = YES;
				CLANG_WARN_COMMA = YES;
				CLANG_WARN_CONSTANT_CONVERSION = YES;
				CLANG_WARN_DEPRECATED_OBJC_IMPLEMENTATIONS = YES;
				CLANG_WARN_DIRECT_OBJC_ISA_USAGE = YES_ERROR;
				CLANG_WARN_DOCUMENTATION_COMMENTS = YES;
				CLANG_WARN_EMPTY_BODY = YES;
				CLANG_WARN_ENUM_CONVERSION = YES;
				CLANG_WARN_INFINITE_RECURSION = YES;
				CLANG_WARN_INT_CONVERSION = YES;
				CLANG_WARN_NON_LITERAL_NULL_CONVERSION = YES;
				CLANG_WARN_OBJC_IMPLICIT_RETAIN_SELF = YES;
				CLANG_WARN_OBJC_LITERAL_CONVERSION = YES;
				CLANG_WARN_OBJC_ROOT_CLASS = YES_ERROR;
				CLANG_WARN_RANGE_LOOP_ANALYSIS = YES;
				CLANG_WARN_STRICT_PROTOTYPES = YES;
				CLANG_WARN_SUSPICIOUS_MOVE = YES;
				CLANG_WARN_UNGUARDED_AVAILABILITY = YES_AGGRESSIVE;
				CLANG_WARN_UNREACHABLE_CODE = YES;
				CLANG_WARN__DUPLICATE_METHOD_MATCH = YES;
				COPY_PHASE_STRIP = NO;
				DEBUG_INFORMATION_FORMAT = dwarf;
				ENABLE_STRICT_OBJC_MSGSEND = YES;
				ENABLE_TESTABILITY = YES;
				GCC_C_LANGUAGE_STANDARD = gnu11;
				GCC_DYNAMIC_NO_PIC = NO;
				GCC_NO_COMMON_BLOCKS = YES;
				GCC_OPTIMIZATION_LEVEL = 0;
				GCC_PRECOMPILE_PREFIX_HEADER = YES;
				GCC_PREFIX_HEADER = "$(SRCROOT)/CodingHelper/PrefixHeader.pch";
				GCC_PREPROCESSOR_DEFINITIONS = (
					"DEBUG=1",
					"$(inherited)",
				);
				GCC_WARN_64_TO_32_BIT_CONVERSION = YES;
				GCC_WARN_ABOUT_RETURN_TYPE = YES_ERROR;
				GCC_WARN_UNDECLARED_SELECTOR = YES;
				GCC_WARN_UNINITIALIZED_AUTOS = YES_AGGRESSIVE;
				GCC_WARN_UNUSED_FUNCTION = YES;
				GCC_WARN_UNUSED_VARIABLE = YES;
				IPHONEOS_DEPLOYMENT_TARGET = 8.0;
				MTL_ENABLE_DEBUG_INFO = INCLUDE_SOURCE;
				MTL_FAST_MATH = YES;
				ONLY_ACTIVE_ARCH = YES;
				SDKROOT = iphoneos;
			};
			name = Debug;
		};
		CE30121023B8A42D0067EE9B /* Release */ = {
			isa = XCBuildConfiguration;
			buildSettings = {
				ALWAYS_SEARCH_USER_PATHS = NO;
				CLANG_ANALYZER_NONNULL = YES;
				CLANG_ANALYZER_NUMBER_OBJECT_CONVERSION = YES_AGGRESSIVE;
				CLANG_CXX_LANGUAGE_STANDARD = "gnu++14";
				CLANG_CXX_LIBRARY = "libc++";
				CLANG_ENABLE_MODULES = YES;
				CLANG_ENABLE_OBJC_ARC = YES;
				CLANG_ENABLE_OBJC_WEAK = YES;
				CLANG_WARN_BLOCK_CAPTURE_AUTORELEASING = YES;
				CLANG_WARN_BOOL_CONVERSION = YES;
				CLANG_WARN_COMMA = YES;
				CLANG_WARN_CONSTANT_CONVERSION = YES;
				CLANG_WARN_DEPRECATED_OBJC_IMPLEMENTATIONS = YES;
				CLANG_WARN_DIRECT_OBJC_ISA_USAGE = YES_ERROR;
				CLANG_WARN_DOCUMENTATION_COMMENTS = YES;
				CLANG_WARN_EMPTY_BODY = YES;
				CLANG_WARN_ENUM_CONVERSION = YES;
				CLANG_WARN_INFINITE_RECURSION = YES;
				CLANG_WARN_INT_CONVERSION = YES;
				CLANG_WARN_NON_LITERAL_NULL_CONVERSION = YES;
				CLANG_WARN_OBJC_IMPLICIT_RETAIN_SELF = YES;
				CLANG_WARN_OBJC_LITERAL_CONVERSION = YES;
				CLANG_WARN_OBJC_ROOT_CLASS = YES_ERROR;
				CLANG_WARN_RANGE_LOOP_ANALYSIS = YES;
				CLANG_WARN_STRICT_PROTOTYPES = YES;
				CLANG_WARN_SUSPICIOUS_MOVE = YES;
				CLANG_WARN_UNGUARDED_AVAILABILITY = YES_AGGRESSIVE;
				CLANG_WARN_UNREACHABLE_CODE = YES;
				CLANG_WARN__DUPLICATE_METHOD_MATCH = YES;
				COPY_PHASE_STRIP = NO;
				DEBUG_INFORMATION_FORMAT = "dwarf-with-dsym";
				ENABLE_NS_ASSERTIONS = NO;
				ENABLE_STRICT_OBJC_MSGSEND = YES;
				GCC_C_LANGUAGE_STANDARD = gnu11;
				GCC_NO_COMMON_BLOCKS = YES;
				GCC_PRECOMPILE_PREFIX_HEADER = YES;
				GCC_PREFIX_HEADER = "$(SRCROOT)/CodingHelper/PrefixHeader.pch";
				GCC_WARN_64_TO_32_BIT_CONVERSION = YES;
				GCC_WARN_ABOUT_RETURN_TYPE = YES_ERROR;
				GCC_WARN_UNDECLARED_SELECTOR = YES;
				GCC_WARN_UNINITIALIZED_AUTOS = YES_AGGRESSIVE;
				GCC_WARN_UNUSED_FUNCTION = YES;
				GCC_WARN_UNUSED_VARIABLE = YES;
				IPHONEOS_DEPLOYMENT_TARGET = 8.0;
				MTL_ENABLE_DEBUG_INFO = NO;
				MTL_FAST_MATH = YES;
				SDKROOT = iphoneos;
				VALIDATE_PRODUCT = YES;
			};
			name = Release;
		};
		CE30121223B8A42D0067EE9B /* Debug */ = {
			isa = XCBuildConfiguration;
			buildSettings = {
				ASSETCATALOG_COMPILER_APPICON_NAME = AppIcon;
				CODE_SIGN_STYLE = Automatic;
				DEVELOPMENT_TEAM = 263FN2N6R9;
				INFOPLIST_FILE = CodingHelper/Info.plist;
				IPHONEOS_DEPLOYMENT_TARGET = 8.0;
				LD_RUNPATH_SEARCH_PATHS = (
					"$(inherited)",
					"@executable_path/Frameworks",
				);
				PRODUCT_BUNDLE_IDENTIFIER = com.xuweibo.CodingHelper;
				PRODUCT_NAME = "$(TARGET_NAME)";
				TARGETED_DEVICE_FAMILY = 1;
			};
			name = Debug;
		};
		CE30121323B8A42D0067EE9B /* Release */ = {
			isa = XCBuildConfiguration;
			buildSettings = {
				ASSETCATALOG_COMPILER_APPICON_NAME = AppIcon;
				CODE_SIGN_STYLE = Automatic;
				DEVELOPMENT_TEAM = 263FN2N6R9;
				INFOPLIST_FILE = CodingHelper/Info.plist;
				IPHONEOS_DEPLOYMENT_TARGET = 8.0;
				LD_RUNPATH_SEARCH_PATHS = (
					"$(inherited)",
					"@executable_path/Frameworks",
				);
				PRODUCT_BUNDLE_IDENTIFIER = com.xuweibo.CodingHelper;
				PRODUCT_NAME = "$(TARGET_NAME)";
				TARGETED_DEVICE_FAMILY = 1;
			};
			name = Release;
		};
/* End XCBuildConfiguration section */

/* Begin XCConfigurationList section */
		CE3011FC23B8A42B0067EE9B /* Build configuration list for PBXProject "CodingHelper" */ = {
			isa = XCConfigurationList;
			buildConfigurations = (
				CE30120F23B8A42D0067EE9B /* Debug */,
				CE30121023B8A42D0067EE9B /* Release */,
			);
			defaultConfigurationIsVisible = 0;
			defaultConfigurationName = Release;
		};
		CE30121123B8A42D0067EE9B /* Build configuration list for PBXNativeTarget "CodingHelper" */ = {
			isa = XCConfigurationList;
			buildConfigurations = (
				CE30121223B8A42D0067EE9B /* Debug */,
				CE30121323B8A42D0067EE9B /* Release */,
			);
			defaultConfigurationIsVisible = 0;
			defaultConfigurationName = Release;
		};
/* End XCConfigurationList section */
	};
	rootObject = CE3011F923B8A42B0067EE9B /* Project object */;
}
